<Solution>
  <Project Path="MyWorkout.Api/MyWorkout.Api.csproj" />
  <Project Path="MyWorkout.Application/MyWorkout.Application.csproj" />
  <Project Path="MyWorkout.Domain/MyWorkout.Domain.csproj" />
  <Project Path="MyWorkout.Infrastructure/MyWorkout.Infrastructure.csproj" />
  <Project Path="MyWorkout.Tests/MyWorkout.Tests.csproj" />
</Solution>
